github.com/hashicorp/terraform-plugin-framework v1.3.5/go.mod h1:2gGDpWiTI0irr9NSTLFAKlTi6KwGti3AoU19rFqU30o=
github.com/hashicorp/terraform-plugin-framework v1.4.0 h1:WKbtCRtNrjsh10eA7NZvC/Qyr7zp77j+D21aDO5th9c=
github.com/hashicorp/terraform-plugin-framework v1.4.0/go.mod h1:XC0hPcQbBvlbxwmjxuV/8sn8SbZRg4XwGMs22f+kqV0=
github.com/timescale/terraform-provider-timescale v1.0.0/go.mod h1:4Diy9BoFzvxwCsD2nYoJcCXw0LT2gQykTq9TlQwbF+I=
